// !$*UTF8*$!
{
	archiveVersion = 1;
	classes = {
	};
	objectVersion = 48;
	objects = {

/* Begin PBXBuildFile section */
		2232AF5A24B1FA0500BFAB5C /* AppDelegate.swift in Sources */ = {isa = PBXBuildFile; fileRef = 2232AF5924B1FA0500BFAB5C /* AppDelegate.swift */; };
		2232AF5C24B1FA0500BFAB5C /* ViewController.swift in Sources */ = {isa = PBXBuildFile; fileRef = 2232AF5B24B1FA0500BFAB5C /* ViewController.swift */; };
		2232AF5F24B1FA0500BFAB5C /* Main.storyboard in Resources */ = {isa = PBXBuildFile; fileRef = 2232AF5D24B1FA0500BFAB5C /* Main.storyboard */; };
		2232AF6124B1FA0500BFAB5C /* Assets.xcassets in Resources */ = {isa = PBXBuildFile; fileRef = 2232AF6024B1FA0500BFAB5C /* Assets.xcassets */; };
		2232AF6424B1FA0500BFAB5C /* LaunchScreen.storyboard in Resources */ = {isa = PBXBuildFile; fileRef = 2232AF6224B1FA0500BFAB5C /* LaunchScreen.storyboard */; };
		2232AF6F24B1FA0500BFAB5C /* KidsApplicationTests.swift in Sources */ = {isa = PBXBuildFile; fileRef = 2232AF6E24B1FA0500BFAB5C /* KidsApplicationTests.swift */; };
		2232AF7A24B1FA0500BFAB5C /* KidsApplicationUITests.swift in Sources */ = {isa = PBXBuildFile; fileRef = 2232AF7924B1FA0500BFAB5C /* KidsApplicationUITests.swift */; };
		2232AF8824B1FD2800BFAB5C /* HomeViewController.swift in Sources */ = {isa = PBXBuildFile; fileRef = 2232AF8724B1FD2800BFAB5C /* HomeViewController.swift */; };
		22F1B76B24B4EDC000362196 /* StoryViewController.swift in Sources */ = {isa = PBXBuildFile; fileRef = 22F1B76A24B4EDC000362196 /* StoryViewController.swift */; };
/* End PBXBuildFile section */

/* Begin PBXContainerItemProxy section */
		2232AF6B24B1FA0500BFAB5C /* PBXContainerItemProxy */ = {
			isa = PBXContainerItemProxy;
			containerPortal = 2232AF4E24B1FA0400BFAB5C /* Project object */;
			proxyType = 1;
			remoteGlobalIDString = 2232AF5524B1FA0500BFAB5C;
			remoteInfo = KidsApplication;
		};
		2232AF7624B1FA0500BFAB5C /* PBXContainerItemProxy */ = {
			isa = PBXContainerItemProxy;
			containerPortal = 2232AF4E24B1FA0400BFAB5C /* Project object */;
			proxyType = 1;
			remoteGlobalIDString = 2232AF5524B1FA0500BFAB5C;
			remoteInfo = KidsApplication;
		};
/* End PBXContainerItemProxy section */

/* Begin PBXFileReference section */
		2232AF5624B1FA0500BFAB5C /* KidsApplication.app */ = {isa = PBXFileReference; explicitFileType = wrapper.application; includeInIndex = 0; path = KidsApplication.app; sourceTree = BUILT_PRODUCTS_DIR; };
		2232AF5924B1FA0500BFAB5C /* AppDelegate.swift */ = {isa = PBXFileReference; lastKnownFileType = sourcecode.swift; path = AppDelegate.swift; sourceTree = "<group>"; };
		2232AF5B24B1FA0500BFAB5C /* ViewController.swift */ = {isa = PBXFileReference; lastKnownFileType = sourcecode.swift; path = ViewController.swift; sourceTree = "<group>"; };
		2232AF5E24B1FA0500BFAB5C /* Base */ = {isa = PBXFileReference; lastKnownFileType = file.storyboard; name = Base; path = Base.lproj/Main.storyboard; sourceTree = "<group>"; };
		2232AF6024B1FA0500BFAB5C /* Assets.xcassets */ = {isa = PBXFileReference; lastKnownFileType = folder.assetcatalog; path = Assets.xcassets; sourceTree = "<group>"; };
		2232AF6324B1FA0500BFAB5C /* Base */ = {isa = PBXFileReference; lastKnownFileType = file.storyboard; name = Base; path = Base.lproj/LaunchScreen.storyboard; sourceTree = "<group>"; };
		2232AF6524B1FA0500BFAB5C /* Info.plist */ = {isa = PBXFileReference; lastKnownFileType = text.plist.xml; path = Info.plist; sourceTree = "<group>"; };
		2232AF6A24B1FA0500BFAB5C /* KidsApplicationTests.xctest */ = {isa = PBXFileReference; explicitFileType = wrapper.cfbundle; includeInIndex = 0; path = KidsApplicationTests.xctest; sourceTree = BUILT_PRODUCTS_DIR; };
		2232AF6E24B1FA0500BFAB5C /* KidsApplicationTests.swift */ = {isa = PBXFileReference; lastKnownFileType = sourcecode.swift; path = KidsApplicationTests.swift; sourceTree = "<group>"; };
		2232AF7024B1FA0500BFAB5C /* Info.plist */ = {isa = PBXFileReference; lastKnownFileType = text.plist.xml; path = Info.plist; sourceTree = "<group>"; };
		2232AF7524B1FA0500BFAB5C /* KidsApplicationUITests.xctest */ = {isa = PBXFileReference; explicitFileType = wrapper.cfbundle; includeInIndex = 0; path = KidsApplicationUITests.xctest; sourceTree = BUILT_PRODUCTS_DIR; };
		2232AF7924B1FA0500BFAB5C /* KidsApplicationUITests.swift */ = {isa = PBXFileReference; lastKnownFileType = sourcecode.swift; path = KidsApplicationUITests.swift; sourceTree = "<group>"; };
		2232AF7B24B1FA0500BFAB5C /* Info.plist */ = {isa = PBXFileReference; lastKnownFileType = text.plist.xml; path = Info.plist; sourceTree = "<group>"; };
		2232AF8724B1FD2800BFAB5C /* HomeViewController.swift */ = {isa = PBXFileReference; lastKnownFileType = sourcecode.swift; path = HomeViewController.swift; sourceTree = "<group>"; };
		22F1B76A24B4EDC000362196 /* StoryViewController.swift */ = {isa = PBXFileReference; lastKnownFileType = sourcecode.swift; path = StoryViewController.swift; sourceTree = "<group>"; };
/* End PBXFileReference section */

/* Begin PBXFrameworksBuildPhase section */
		2232AF5324B1FA0500BFAB5C /* Frameworks */ = {
			isa = PBXFrameworksBuildPhase;
			buildActionMask = 2147483647;
			files = (
			);
			runOnlyForDeploymentPostprocessing = 0;
		};
		2232AF6724B1FA0500BFAB5C /* Frameworks */ = {
			isa = PBXFrameworksBuildPhase;
			buildActionMask = 2147483647;
			files = (
			);
			runOnlyForDeploymentPostprocessing = 0;
		};
		2232AF7224B1FA0500BFAB5C /* Frameworks */ = {
			isa = PBXFrameworksBuildPhase;
			buildActionMask = 2147483647;
			files = (
			);
			runOnlyForDeploymentPostprocessing = 0;
		};
/* End PBXFrameworksBuildPhase section */

/* Begin PBXGroup section */
		2232AF4D24B1FA0400BFAB5C = {
			isa = PBXGroup;
			children = (
				2232AF5824B1FA0500BFAB5C /* KidsApplication */,
				2232AF6D24B1FA0500BFAB5C /* KidsApplicationTests */,
				2232AF7824B1FA0500BFAB5C /* KidsApplicationUITests */,
				2232AF5724B1FA0500BFAB5C /* Products */,
			);
			sourceTree = "<group>";
		};
		2232AF5724B1FA0500BFAB5C /* Products */ = {
			isa = PBXGroup;
			children = (
				2232AF5624B1FA0500BFAB5C /* KidsApplication.app */,
				2232AF6A24B1FA0500BFAB5C /* KidsApplicationTests.xctest */,
				2232AF7524B1FA0500BFAB5C /* KidsApplicationUITests.xctest */,
			);
			name = Products;
			sourceTree = "<group>";
		};
		2232AF5824B1FA0500BFAB5C /* KidsApplication */ = {
			isa = PBXGroup;
			children = (
				2232AF5924B1FA0500BFAB5C /* AppDelegate.swift */,
				2232AF5B24B1FA0500BFAB5C /* ViewController.swift */,
				2232AF5D24B1FA0500BFAB5C /* Main.storyboard */,
				2232AF6024B1FA0500BFAB5C /* Assets.xcassets */,
				2232AF6224B1FA0500BFAB5C /* LaunchScreen.storyboard */,
				2232AF6524B1FA0500BFAB5C /* Info.plist */,
				2232AF8724B1FD2800BFAB5C /* HomeViewController.swift */,
				22F1B76A24B4EDC000362196 /* StoryViewController.swift */,
			);
			path = KidsApplication;
			sourceTree = "<group>";
		};
		2232AF6D24B1FA0500BFAB5C /* KidsApplicationTests */ = {
			isa = PBXGroup;
			children = (
				2232AF6E24B1FA0500BFAB5C /* KidsApplicationTests.swift */,
				2232AF7024B1FA0500BFAB5C /* Info.plist */,
			);
			path = KidsApplicationTests;
			sourceTree = "<group>";
		};
		2232AF7824B1FA0500BFAB5C /* KidsApplicationUITests */ = {
			isa = PBXGroup;
			children = (
				2232AF7924B1FA0500BFAB5C /* KidsApplicationUITests.swift */,
				2232AF7B24B1FA0500BFAB5C /* Info.plist */,
			);
			path = KidsApplicationUITests;
			sourceTree = "<group>";
		};
/* End PBXGroup section */

/* Begin PBXNativeTarget section */
		2232AF5524B1FA0500BFAB5C /* KidsApplication */ = {
			isa = PBXNativeTarget;
			buildConfigurationList = 2232AF7E24B1FA0500BFAB5C /* Build configuration list for PBXNativeTarget "KidsApplication" */;
			buildPhases = (
				2232AF5224B1FA0500BFAB5C /* Sources */,
				2232AF5324B1FA0500BFAB5C /* Frameworks */,
				2232AF5424B1FA0500BFAB5C /* Resources */,
			);
			buildRules = (
			);
			dependencies = (
			);
			name = KidsApplication;
			productName = KidsApplication;
			productReference = 2232AF5624B1FA0500BFAB5C /* KidsApplication.app */;
			productType = "com.apple.product-type.application";
		};
		2232AF6924B1FA0500BFAB5C /* KidsApplicationTests */ = {
			isa = PBXNativeTarget;
			buildConfigurationList = 2232AF8124B1FA0500BFAB5C /* Build configuration list for PBXNativeTarget "KidsApplicationTests" */;
			buildPhases = (
				2232AF6624B1FA0500BFAB5C /* Sources */,
				2232AF6724B1FA0500BFAB5C /* Frameworks */,
				2232AF6824B1FA0500BFAB5C /* Resources */,
			);
			buildRules = (
			);
			dependencies = (
				2232AF6C24B1FA0500BFAB5C /* PBXTargetDependency */,
			);
			name = KidsApplicationTests;
			productName = KidsApplicationTests;
			productReference = 2232AF6A24B1FA0500BFAB5C /* KidsApplicationTests.xctest */;
			productType = "com.apple.product-type.bundle.unit-test";
		};
		2232AF7424B1FA0500BFAB5C /* KidsApplicationUITests */ = {
			isa = PBXNativeTarget;
			buildConfigurationList = 2232AF8424B1FA0500BFAB5C /* Build configuration list for PBXNativeTarget "KidsApplicationUITests" */;
			buildPhases = (
				2232AF7124B1FA0500BFAB5C /* Sources */,
				2232AF7224B1FA0500BFAB5C /* Frameworks */,
				2232AF7324B1FA0500BFAB5C /* Resources */,
			);
			buildRules = (
			);
			dependencies = (
				2232AF7724B1FA0500BFAB5C /* PBXTargetDependency */,
			);
			name = KidsApplicationUITests;
			productName = KidsApplicationUITests;
			productReference = 2232AF7524B1FA0500BFAB5C /* KidsApplicationUITests.xctest */;
			productType = "com.apple.product-type.bundle.ui-testing";
		};
/* End PBXNativeTarget section */

/* Begin PBXProject section */
		2232AF4E24B1FA0400BFAB5C /* Project object */ = {
			isa = PBXProject;
			attributes = {
				LastSwiftUpdateCheck = 0920;
				LastUpgradeCheck = 0920;
				ORGANIZATIONNAME = macos;
				TargetAttributes = {
					2232AF5524B1FA0500BFAB5C = {
						CreatedOnToolsVersion = 9.2;
						ProvisioningStyle = Automatic;
					};
					2232AF6924B1FA0500BFAB5C = {
						CreatedOnToolsVersion = 9.2;
						ProvisioningStyle = Automatic;
						TestTargetID = 2232AF5524B1FA0500BFAB5C;
					};
					2232AF7424B1FA0500BFAB5C = {
						CreatedOnToolsVersion = 9.2;
						ProvisioningStyle = Automatic;
						TestTargetID = 2232AF5524B1FA0500BFAB5C;
					};
				};
			};
			buildConfigurationList = 2232AF5124B1FA0400BFAB5C /* Build configuration list for PBXProject "KidsApplication" */;
			compatibilityVersion = "Xcode 8.0";
			developmentRegion = en;
			hasScannedForEncodings = 0;
			knownRegions = (
				en,
				Base,
			);
			mainGroup = 2232AF4D24B1FA0400BFAB5C;
			productRefGroup = 2232AF5724B1FA0500BFAB5C /* Products */;
			projectDirPath = "";
			projectRoot = "";
			targets = (
				2232AF5524B1FA0500BFAB5C /* KidsApplication */,
				2232AF6924B1FA0500BFAB5C /* KidsApplicationTests */,
				2232AF7424B1FA0500BFAB5C /* KidsApplicationUITests */,
			);
		};
/* End PBXProject section */

/* Begin PBXResourcesBuildPhase section */
		2232AF5424B1FA0500BFAB5C /* Resources */ = {
			isa = PBXResourcesBuildPhase;
			buildActionMask = 2147483647;
			files = (
				2232AF6424B1FA0500BFAB5C /* LaunchScreen.storyboard in Resources */,
				2232AF6124B1FA0500BFAB5C /* Assets.xcassets in Resources */,
				2232AF5F24B1FA0500BFAB5C /* Main.storyboard in Resources */,
			);
			runOnlyForDeploymentPostprocessing = 0;
		};
		2232AF6824B1FA0500BFAB5C /* Resources */ = {
			isa = PBXResourcesBuildPhase;
			buildActionMask = 2147483647;
			files = (
			);
			runOnlyForDeploymentPostprocessing = 0;
		};
		2232AF7324B1FA0500BFAB5C /* Resources */ = {
			isa = PBXResourcesBuildPhase;
			buildActionMask = 2147483647;
			files = (
			);
			runOnlyForDeploymentPostprocessing = 0;
		};
/* End PBXResourcesBuildPhase section */

/* Begin PBXSourcesBuildPhase section */
		2232AF5224B1FA0500BFAB5C /* Sources */ = {
			isa = PBXSourcesBuildPhase;
			buildActionMask = 2147483647;
			files = (
				22F1B76B24B4EDC000362196 /* StoryViewController.swift in Sources */,
				2232AF5C24B1FA0500BFAB5C /* ViewController.swift in Sources */,
				2232AF5A24B1FA0500BFAB5C /* AppDelegate.swift in Sources */,
				2232AF8824B1FD2800BFAB5C /* HomeViewController.swift in Sources */,
			);
			runOnlyForDeploymentPostprocessing = 0;
		};
		2232AF6624B1FA0500BFAB5C /* Sources */ = {
			isa = PBXSourcesBuildPhase;
			buildActionMask = 2147483647;
			files = (
				2232AF6F24B1FA0500BFAB5C /* KidsApplicationTests.swift in Sources */,
			);
			runOnlyForDeploymentPostprocessing = 0;
		};
		2232AF7124B1FA0500BFAB5C /* Sources */ = {
			isa = PBXSourcesBuildPhase;
			buildActionMask = 2147483647;
			files = (
				2232AF7A24B1FA0500BFAB5C /* KidsApplicationUITests.swift in Sources */,
			);
			runOnlyForDeploymentPostprocessing = 0;
		};
/* End PBXSourcesBuildPhase section */

/* Begin PBXTargetDependency section */
		2232AF6C24B1FA0500BFAB5C /* PBXTargetDependency */ = {
			isa = PBXTargetDependency;
			target = 2232AF5524B1FA0500BFAB5C /* KidsApplication */;
			targetProxy = 2232AF6B24B1FA0500BFAB5C /* PBXContainerItemProxy */;
		};
		2232AF7724B1FA0500BFAB5C /* PBXTargetDependency */ = {
			isa = PBXTargetDependency;
			target = 2232AF5524B1FA0500BFAB5C /* KidsApplication */;
			targetProxy = 2232AF7624B1FA0500BFAB5C /* PBXContainerItemProxy */;
		};
/* End PBXTargetDependency section */

/* Begin PBXVariantGroup section */
		2232AF5D24B1FA0500BFAB5C /* Main.storyboard */ = {
			isa = PBXVariantGroup;
			children = (
				2232AF5E24B1FA0500BFAB5C /* Base */,
			);
			name = Main.storyboard;
			sourceTree = "<group>";
		};
		2232AF6224B1FA0500BFAB5C /* LaunchScreen.storyboard */ = {
			isa = PBXVariantGroup;
			children = (
				2232AF6324B1FA0500BFAB5C /* Base */,
			);
			name = LaunchScreen.storyboard;
			sourceTree = "<group>";
		};
/* End PBXVariantGroup section */

/* Begin XCBuildConfiguration section */
		2232AF7C24B1FA0500BFAB5C /* Debug */ = {
			isa = XCBuildConfiguration;
			buildSettings = {
				ALWAYS_SEARCH_USER_PATHS = NO;
				CLANG_ANALYZER_NONNULL = YES;
				CLANG_ANALYZER_NUMBER_OBJECT_CONVERSION = YES_AGGRESSIVE;
				CLANG_CXX_LANGUAGE_STANDARD = "gnu++14";
				CLANG_CXX_LIBRARY = "libc++";
				CLANG_ENABLE_MODULES = YES;
				CLANG_ENABLE_OBJC_ARC = YES;
				CLANG_WARN_BLOCK_CAPTURE_AUTORELEASING = YES;
				CLANG_WARN_BOOL_CONVERSION = YES;
				CLANG_WARN_COMMA = YES;
				CLANG_WARN_CONSTANT_CONVERSION = YES;
				CLANG_WARN_DIRECT_OBJC_ISA_USAGE = YES_ERROR;
				CLANG_WARN_DOCUMENTATION_COMMENTS = YES;
				CLANG_WARN_EMPTY_BODY = YES;
				CLANG_WARN_ENUM_CONVERSION = YES;
				CLANG_WARN_INFINITE_RECURSION = YES;
				CLANG_WARN_INT_CONVERSION = YES;
				CLANG_WARN_NON_LITERAL_NULL_CONVERSION = YES;
				CLANG_WARN_OBJC_LITERAL_CONVERSION = YES;
				CLANG_WARN_OBJC_ROOT_CLASS = YES_ERROR;
				CLANG_WARN_RANGE_LOOP_ANALYSIS = YES;
				CLANG_WARN_STRICT_PROTOTYPES = YES;
				CLANG_WARN_SUSPICIOUS_MOVE = YES;
				CLANG_WARN_UNGUARDED_AVAILABILITY = YES_AGGRESSIVE;
				CLANG_WARN_UNREACHABLE_CODE = YES;
				CLANG_WARN__DUPLICATE_METHOD_MATCH = YES;
				CODE_SIGN_IDENTITY = "iPhone Developer";
				COPY_PHASE_STRIP = NO;
				DEBUG_INFORMATION_FORMAT = dwarf;
				ENABLE_STRICT_OBJC_MSGSEND = YES;
				ENABLE_TESTABILITY = YES;
				GCC_C_LANGUAGE_STANDARD = gnu11;
				GCC_DYNAMIC_NO_PIC = NO;
				GCC_NO_COMMON_BLOCKS = YES;
				GCC_OPTIMIZATION_LEVEL = 0;
				GCC_PREPROCESSOR_DEFINITIONS = (
					"DEBUG=1",
					"$(inherited)",
				);
				GCC_WARN_64_TO_32_BIT_CONVERSION = YES;
				GCC_WARN_ABOUT_RETURN_TYPE = YES_ERROR;
				GCC_WARN_UNDECLARED_SELECTOR = YES;
				GCC_WARN_UNINITIALIZED_AUTOS = YES_AGGRESSIVE;
				GCC_WARN_UNUSED_FUNCTION = YES;
				GCC_WARN_UNUSED_VARIABLE = YES;
				IPHONEOS_DEPLOYMENT_TARGET = 11.2;
				MTL_ENABLE_DEBUG_INFO = YES;
				ONLY_ACTIVE_ARCH = YES;
				SDKROOT = iphoneos;
				SWIFT_ACTIVE_COMPILATION_CONDITIONS = DEBUG;
				SWIFT_OPTIMIZATION_LEVEL = "-Onone";
			};
			name = Debug;
		};
		2232AF7D24B1FA0500BFAB5C /* Release */ = {
			isa = XCBuildConfiguration;
			buildSettings = {
				ALWAYS_SEARCH_USER_PATHS = NO;
				CLANG_ANALYZER_NONNULL = YES;
				CLANG_ANALYZER_NUMBER_OBJECT_CONVERSION = YES_AGGRESSIVE;
				CLANG_CXX_LANGUAGE_STANDARD = "gnu++14";
				CLANG_CXX_LIBRARY = "libc++";
				CLANG_ENABLE_MODULES = YES;
				CLANG_ENABLE_OBJC_ARC = YES;
				CLANG_WARN_BLOCK_CAPTURE_AUTORELEASING = YES;
				CLANG_WARN_BOOL_CONVERSION = YES;
				CLANG_WARN_COMMA = YES;
				CLANG_WARN_CONSTANT_CONVERSION = YES;
				CLANG_WARN_DIRECT_OBJC_ISA_USAGE = YES_ERROR;
				CLANG_WARN_DOCUMENTATION_COMMENTS = YES;
				CLANG_WARN_EMPTY_BODY = YES;
				CLANG_WARN_ENUM_CONVERSION = YES;
				CLANG_WARN_INFINITE_RECURSION = YES;
				CLANG_WARN_INT_CONVERSION = YES;
				CLANG_WARN_NON_LITERAL_NULL_CONVERSION = YES;
				CLANG_WARN_OBJC_LITERAL_CONVERSION = YES;
				CLANG_WARN_OBJC_ROOT_CLASS = YES_ERROR;
				CLANG_WARN_RANGE_LOOP_ANALYSIS = YES;
				CLANG_WARN_STRICT_PROTOTYPES = YES;
				CLANG_WARN_SUSPICIOUS_MOVE = YES;
				CLANG_WARN_UNGUARDED_AVAILABILITY = YES_AGGRESSIVE;
				CLANG_WARN_UNREACHABLE_CODE = YES;
				CLANG_WARN__DUPLICATE_METHOD_MATCH = YES;
				CODE_SIGN_IDENTITY = "iPhone Developer";
				COPY_PHASE_STRIP = NO;
				DEBUG_INFORMATION_FORMAT = "dwarf-with-dsym";
				ENABLE_NS_ASSERTIONS = NO;
				ENABLE_STRICT_OBJC_MSGSEND = YES;
				GCC_C_LANGUAGE_STANDARD = gnu11;
				GCC_NO_COMMON_BLOCKS = YES;
				GCC_WARN_64_TO_32_BIT_CONVERSION = YES;
				GCC_WARN_ABOUT_RETURN_TYPE = YES_ERROR;
				GCC_WARN_UNDECLARED_SELECTOR = YES;
				GCC_WARN_UNINITIALIZED_AUTOS = YES_AGGRESSIVE;
				GCC_WARN_UNUSED_FUNCTION = YES;
				GCC_WARN_UNUSED_VARIABLE = YES;
				IPHONEOS_DEPLOYMENT_TARGET = 11.2;
				MTL_ENABLE_DEBUG_INFO = NO;
				SDKROOT = iphoneos;
				SWIFT_OPTIMIZATION_LEVEL = "-Owholemodule";
				VALIDATE_PRODUCT = YES;
			};
			name = Release;
		};
		2232AF7F24B1FA0500BFAB5C /* Debug */ = {
			isa = XCBuildConfiguration;
			buildSettings = {
				ASSETCATALOG_COMPILER_APPICON_NAME = AppIcon;
				CODE_SIGN_STYLE = Automatic;
				DEVELOPMENT_TEAM = 53HU7M6FG9;
				INFOPLIST_FILE = KidsApplication/Info.plist;
				LD_RUNPATH_SEARCH_PATHS = "$(inherited) @executable_path/Frameworks";
				PRODUCT_BUNDLE_IDENTIFIER = macos.KidsApplication;
				PRODUCT_NAME = "$(TARGET_NAME)";
				SWIFT_VERSION = 4.0;
				TARGETED_DEVICE_FAMILY = "1,2";
			};
			name = Debug;
		};
		2232AF8024B1FA0500BFAB5C /* Release */ = {
			isa = XCBuildConfiguration;
			buildSettings = {
				ASSETCATALOG_COMPILER_APPICON_NAME = AppIcon;
				CODE_SIGN_STYLE = Automatic;
				DEVELOPMENT_TEAM = 53HU7M6FG9;
				INFOPLIST_FILE = KidsApplication/Info.plist;
				LD_RUNPATH_SEARCH_PATHS = "$(inherited) @executable_path/Frameworks";
				PRODUCT_BUNDLE_IDENTIFIER = macos.KidsApplication;
				PRODUCT_NAME = "$(TARGET_NAME)";
				SWIFT_VERSION = 4.0;
				TARGETED_DEVICE_FAMILY = "1,2";
			};
			name = Release;
		};
		2232AF8224B1FA0500BFAB5C /* Debug */ = {
			isa = XCBuildConfiguration;
			buildSettings = {
				ALWAYS_EMBED_SWIFT_STANDARD_LIBRARIES = YES;
				BUNDLE_LOADER = "$(TEST_HOST)";
				CODE_SIGN_STYLE = Automatic;
				DEVELOPMENT_TEAM = 53HU7M6FG9;
				INFOPLIST_FILE = KidsApplicationTests/Info.plist;
				LD_RUNPATH_SEARCH_PATHS = "$(inherited) @executable_path/Frameworks @loader_path/Frameworks";
				PRODUCT_BUNDLE_IDENTIFIER = macos.KidsApplicationTests;
				PRODUCT_NAME = "$(TARGET_NAME)";
				SWIFT_VERSION = 4.0;
				TARGETED_DEVICE_FAMILY = "1,2";
				TEST_HOST = "$(BUILT_PRODUCTS_DIR)/KidsApplication.app/KidsApplication";
			};
			name = Debug;
		};
		2232AF8324B1FA0500BFAB5C /* Release */ = {
			isa = XCBuildConfiguration;
			buildSettings = {
				ALWAYS_EMBED_SWIFT_STANDARD_LIBRARIES = YES;
				BUNDLE_LOADER = "$(TEST_HOST)";
				CODE_SIGN_STYLE = Automatic;
				DEVELOPMENT_TEAM = 53HU7M6FG9;
				INFOPLIST_FILE = KidsApplicationTests/Info.plist;
				LD_RUNPATH_SEARCH_PATHS = "$(inherited) @executable_path/Frameworks @loader_path/Frameworks";
				PRODUCT_BUNDLE_IDENTIFIER = macos.KidsApplicationTests;
				PRODUCT_NAME = "$(TARGET_NAME)";
				SWIFT_VERSION = 4.0;
				TARGETED_DEVICE_FAMILY = "1,2";
				TEST_HOST = "$(BUILT_PRODUCTS_DIR)/KidsApplication.app/KidsApplication";
			};
			name = Release;
		};
		2232AF8524B1FA0500BFAB5C /* Debug */ = {
			isa = XCBuildConfiguration;
			buildSettings = {
				ALWAYS_EMBED_SWIFT_STANDARD_LIBRARIES = YES;
				CODE_SIGN_STYLE = Automatic;
				DEVELOPMENT_TEAM = 53HU7M6FG9;
				INFOPLIST_FILE = KidsApplicationUITests/Info.plist;
				LD_RUNPATH_SEARCH_PATHS = "$(inherited) @executable_path/Frameworks @loader_path/Frameworks";
				PRODUCT_BUNDLE_IDENTIFIER = macos.KidsApplicationUITests;
				PRODUCT_NAME = "$(TARGET_NAME)";
				SWIFT_VERSION = 4.0;
				TARGETED_DEVICE_FAMILY = "1,2";
				TEST_TARGET_NAME = KidsApplication;
			};
			name = Debug;
		};
		2232AF8624B1FA0500BFAB5C /* Release */ = {
			isa = XCBuildConfiguration;
			buildSettings = {
				ALWAYS_EMBED_SWIFT_STANDARD_LIBRARIES = YES;
				CODE_SIGN_STYLE = Automatic;
				DEVELOPMENT_TEAM = 53HU7M6FG9;
				INFOPLIST_FILE = KidsApplicationUITests/Info.plist;
				LD_RUNPATH_SEARCH_PATHS = "$(inherited) @executable_path/Frameworks @loader_path/Frameworks";
				PRODUCT_BUNDLE_IDENTIFIER = macos.KidsApplicationUITests;
				PRODUCT_NAME = "$(TARGET_NAME)";
				SWIFT_VERSION = 4.0;
				TARGETED_DEVICE_FAMILY = "1,2";
				TEST_TARGET_NAME = KidsApplication;
			};
			name = Release;
		};
/* End XCBuildConfiguration section */

/* Begin XCConfigurationList section */
		2232AF5124B1FA0400BFAB5C /* Build configuration list for PBXProject "KidsApplication" */ = {
			isa = XCConfigurationList;
			buildConfigurations = (
				2232AF7C24B1FA0500BFAB5C /* Debug */,
				2232AF7D24B1FA0500BFAB5C /* Release */,
			);
			defaultConfigurationIsVisible = 0;
			defaultConfigurationName = Release;
		};
		2232AF7E24B1FA0500BFAB5C /* Build configuration list for PBXNativeTarget "KidsApplication" */ = {
			isa = XCConfigurationList;
			buildConfigurations = (
				2232AF7F24B1FA0500BFAB5C /* Debug */,
				2232AF8024B1FA0500BFAB5C /* Release */,
			);
			defaultConfigurationIsVisible = 0;
			defaultConfigurationName = Release;
		};
		2232AF8124B1FA0500BFAB5C /* Build configuration list for PBXNativeTarget "KidsApplicationTests" */ = {
			isa = XCConfigurationList;
			buildConfigurations = (
				2232AF8224B1FA0500BFAB5C /* Debug */,
				2232AF8324B1FA0500BFAB5C /* Release */,
			);
			defaultConfigurationIsVisible = 0;
			defaultConfigurationName = Release;
		};
		2232AF8424B1FA0500BFAB5C /* Build configuration list for PBXNativeTarget "KidsApplicationUITests" */ = {
			isa = XCConfigurationList;
			buildConfigurations = (
				2232AF8524B1FA0500BFAB5C /* Debug */,
				2232AF8624B1FA0500BFAB5C /* Release */,
			);
			defaultConfigurationIsVisible = 0;
			defaultConfigurationName = Release;
		};
/* End XCConfigurationList section */
	};
	rootObject = 2232AF4E24B1FA0400BFAB5C /* Project object */;
}
